
Microsoft Visual Studio Solution File, Format Version 12.00
# Visual Studio 15
VisualStudioVersion = 15.0.26430.14
MinimumVisualStudioVersion = 10.0.40219.1
Project("{FAE04EC0-301F-11D3-BF4B-00C04F79EFBC}") = "WebApp", "WebApp\WebApp.csproj", "{A970F822-35E1-4B24-9034-7C2A710DC438}"
EndProject
Global
	GlobalSection(SolutionConfigurationPlatforms) = preSolution
		Debug|Any CPU = Debug|Any CPU
		Release|Any CPU = Release|Any CPU
	EndGlobalSection
	GlobalSection(ProjectConfigurationPlatforms) = postSolution
		{A970F822-35E1-4B24-9034-7C2A710DC438}.Debug|Any CPU.ActiveCfg = Debug|Any CPU
		{A970F822-35E1-4B24-9034-7C2A710DC438}.Debug|Any CPU.Build.0 = Debug|Any CPU
		{A970F822-35E1-4B24-9034-7C2A710DC438}.Release|Any CPU.ActiveCfg = Release|Any CPU
		{A970F822-35E1-4B24-9034-7C2A710DC438}.Release|Any CPU.Build.0 = Release|Any CPU
	EndGlobalSection
	GlobalSection(SolutionProperties) = preSolution
		HideSolutionNode = FALSE
	EndGlobalSection
EndGlobal
